<?xml version="1.0" encoding="utf-8"?>
<Project ToolsVersion="4.0" xmlns="http://schemas.microsoft.com/developer/msbuild/2003">
  <ItemGroup>
    <Filter Include="Source Files">
      <UniqueIdentifier>{4FC737F1-C7A5-4376-A066-2A32D752A2FF}</UniqueIdentifier>
      <Extensions>cpp;c;cc;cxx;c++;cppm;ixx;def;odl;idl;hpj;bat;asm;asmx</Extensions>
    </Filter>
    <Filter Include="Header Files">
      <UniqueIdentifier>{93995380-89BD-4b04-88EB-625FBE52EBFB}</UniqueIdentifier>
      <Extensions>h;hh;hpp;hxx;h++;hm;inl;inc;ipp;xsd</Extensions>
    </Filter>
    <Filter Include="Resource Files">
      <UniqueIdentifier>{67DA6AB6-F800-4c08-8B7A-83BB121AAD01}</UniqueIdentifier>
      <Extensions>rc;ico;cur;bmp;dlg;rc2;rct;bin;rgs;gif;jpg;jpeg;jpe;resx;tiff;tif;png;wav;mfcribbon-ms</Extensions>
    </Filter>
  </ItemGroup>
  <ItemGroup>
    <ClCompile Include="include\Quaternion.cpp">
      <Filter>Source Files</Filter>
    </ClCompile>
    <ClCompile Include="include\cWorldTime.cpp">
      <Filter>Source Files</Filter>
    </ClCompile>
  </ItemGroup>
  <ItemGroup>
    <ClInclude Include="include\BlackJackId.h">
      <Filter>Header Files</Filter>
    </ClInclude>
    <ClInclude Include="include\cActionButton.h">
      <Filter>Header Files</Filter>
    </ClInclude>
    <ClInclude Include="include\cActionButtonUnit.h">
      <Filter>Header Files</Filter>
    </ClInclude>
    <ClInclude Include="include\cArea.h">
      <Filter>Header Files</Filter>
    </ClInclude>
    <ClInclude Include="include\cAreaCamManager.h">
      <Filter>Header Files</Filter>
    </ClInclude>
    <ClInclude Include="include\cBgmData.h">
      <Filter>Header Files</Filter>
    </ClInclude>
    <ClInclude Include="include\cBoundingBox.h">
      <Filter>Header Files</Filter>
    </ClInclude>
    <ClInclude Include="include\cCamera.h">
      <Filter>Header Files</Filter>
    </ClInclude>
    <ClInclude Include="include\cCamManager.h">
      <Filter>Header Files</Filter>
    </ClInclude>
    <ClInclude Include="include\cCockGetPoint.h">
      <Filter>Header Files</Filter>
    </ClInclude>
    <ClInclude Include="include\cCockMess.h">
      <Filter>Header Files</Filter>
    </ClInclude>
    <ClInclude Include="include\cCockPlBar.h">
      <Filter>Header Files</Filter>
    </ClInclude>
    <ClInclude Include="include\cCockScroll.h">
      <Filter>Header Files</Filter>
    </ClInclude>
    <ClInclude Include="include\cCockTutorial.h">
      <Filter>Header Files</Filter>
    </ClInclude>
    <ClInclude Include="include\cCollisionManager.h">
      <Filter>Header Files</Filter>
    </ClInclude>
    <ClInclude Include="include\cCollisionScroll.h">
      <Filter>Header Files</Filter>
    </ClInclude>
    <ClInclude Include="include\cCollisionShape.h">
      <Filter>Header Files</Filter>
    </ClInclude>
    <ClInclude Include="include\cCollisionSolid.h">
      <Filter>Header Files</Filter>
    </ClInclude>
    <ClInclude Include="include\cCollisionSolidManage.h">
      <Filter>Header Files</Filter>
    </ClInclude>
    <ClInclude Include="include\cCollisionUtils.h">
      <Filter>Header Files</Filter>
    </ClInclude>
    <ClInclude Include="include\cCoreSave.h">
      <Filter>Header Files</Filter>
    </ClInclude>
    <ClInclude Include="include\cDamageGive.h">
      <Filter>Header Files</Filter>
    </ClInclude>
    <ClInclude Include="include\cDamageManage.h">
      <Filter>Header Files</Filter>
    </ClInclude>
    <ClInclude Include="include\cDamageUnit.h">
      <Filter>Header Files</Filter>
    </ClInclude>
    <ClInclude Include="include\cDataHolder.h">
      <Filter>Header Files</Filter>
    </ClInclude>
    <ClInclude Include="include\cDataManager.h">
      <Filter>Header Files</Filter>
    </ClInclude>
    <ClInclude Include="include\cDoor.h">
      <Filter>Header Files</Filter>
    </ClInclude>
    <ClInclude Include="include\cDvd.h">
      <Filter>Header Files</Filter>
    </ClInclude>
    <ClInclude Include="include\cE3.h">
      <Filter>Header Files</Filter>
    </ClInclude>
    <ClInclude Include="include\cEm00.h">
      <Filter>Header Files</Filter>
    </ClInclude>
    <ClInclude Include="include\cEm12.h">
      <Filter>Header Files</Filter>
    </ClInclude>
    <ClInclude Include="include\cEm53.h">
      <Filter>Header Files</Filter>
    </ClInclude>
    <ClInclude Include="include\cEm57.h">
      <Filter>Header Files</Filter>
    </ClInclude>
    <ClInclude Include="include\cEma2.h">
      <Filter>Header Files</Filter>
    </ClInclude>
    <ClInclude Include="include\cEmBase.h">
      <Filter>Header Files</Filter>
    </ClInclude>
    <ClInclude Include="include\cEmManage.h">
      <Filter>Header Files</Filter>
    </ClInclude>
    <ClInclude Include="include\cEmSetParam.h">
      <Filter>Header Files</Filter>
    </ClInclude>
    <ClInclude Include="include\cEmWrap.h">
      <Filter>Header Files</Filter>
    </ClInclude>
    <ClInclude Include="include\cEvent.h">
      <Filter>Header Files</Filter>
    </ClInclude>
    <ClInclude Include="include\cEventConfig.h">
      <Filter>Header Files</Filter>
    </ClInclude>
    <ClInclude Include="include\cFont.h">
      <Filter>Header Files</Filter>
    </ClInclude>
    <ClInclude Include="include\cGame.h">
      <Filter>Header Files</Filter>
    </ClInclude>
    <ClInclude Include="include\cGameObj.h">
      <Filter>Header Files</Filter>
    </ClInclude>
    <ClInclude Include="include\cHeap.h">
      <Filter>Header Files</Filter>
    </ClInclude>
    <ClInclude Include="include\cHeatSys.h">
      <Filter>Header Files</Filter>
    </ClInclude>
    <ClInclude Include="include\cIDBase.h">
      <Filter>Header Files</Filter>
    </ClInclude>
    <ClInclude Include="include\cIDManager.h">
      <Filter>Header Files</Filter>
    </ClInclude>
    <ClInclude Include="include\cIDParam.h">
      <Filter>Header Files</Filter>
    </ClInclude>
    <ClInclude Include="include\classCFILTER_TAG.h">
      <Filter>Header Files</Filter>
    </ClInclude>
    <ClInclude Include="include\classFADE.h">
      <Filter>Header Files</Filter>
    </ClInclude>
    <ClInclude Include="include\classPAD_WORK.h">
      <Filter>Header Files</Filter>
    </ClInclude>
    <ClInclude Include="include\cMc.h">
      <Filter>Header Files</Filter>
    </ClInclude>
    <ClInclude Include="include\cMessage.h">
      <Filter>Header Files</Filter>
    </ClInclude>
    <ClInclude Include="include\cMessCommon.h">
      <Filter>Header Files</Filter>
    </ClInclude>
    <ClInclude Include="include\cMessDrawFont.h">
      <Filter>Header Files</Filter>
    </ClInclude>
    <ClInclude Include="include\cModel.h">
      <Filter>Header Files</Filter>
    </ClInclude>
    <ClInclude Include="include\cMotCamera.h">
      <Filter>Header Files</Filter>
    </ClInclude>
    <ClInclude Include="include\cMovie.h">
      <Filter>Header Files</Filter>
    </ClInclude>
    <ClInclude Include="include\cNode.h">
      <Filter>Header Files</Filter>
    </ClInclude>
    <ClInclude Include="include\cNowLoading.h">
      <Filter>Header Files</Filter>
    </ClInclude>
    <ClInclude Include="include\cObj.h">
      <Filter>Header Files</Filter>
    </ClInclude>
    <ClInclude Include="include\cObjBase.h">
      <Filter>Header Files</Filter>
    </ClInclude>
    <ClInclude Include="include\cObjBaseArray.h">
      <Filter>Header Files</Filter>
    </ClInclude>
    <ClInclude Include="include\cOl1b.h">
      <Filter>Header Files</Filter>
    </ClInclude>
    <ClInclude Include="include\cOl2b.h">
      <Filter>Header Files</Filter>
    </ClInclude>
    <ClInclude Include="include\cOl30.h">
      <Filter>Header Files</Filter>
    </ClInclude>
    <ClInclude Include="include\cOl40.h">
      <Filter>Header Files</Filter>
    </ClInclude>
    <ClInclude Include="include\ColiseumBattle.h">
      <Filter>Header Files</Filter>
    </ClInclude>
    <ClInclude Include="include\cOm1f.h">
      <Filter>Header Files</Filter>
    </ClInclude>
    <ClInclude Include="include\cOm4f.h">
      <Filter>Header Files</Filter>
    </ClInclude>
    <ClInclude Include="include\cOm5a.h">
      <Filter>Header Files</Filter>
    </ClInclude>
    <ClInclude Include="include\cOm53.h">
      <Filter>Header Files</Filter>
    </ClInclude>
    <ClInclude Include="include\cOm59.h">
      <Filter>Header Files</Filter>
    </ClInclude>
    <ClInclude Include="include\cOm60.h">
      <Filter>Header Files</Filter>
    </ClInclude>
    <ClInclude Include="include\cOm71.h">
      <Filter>Header Files</Filter>
    </ClInclude>
    <ClInclude Include="include\cOmBase.h">
      <Filter>Header Files</Filter>
    </ClInclude>
    <ClInclude Include="include\cOmbb.h">
      <Filter>Header Files</Filter>
    </ClInclude>
    <ClInclude Include="include\cOmbe.h">
      <Filter>Header Files</Filter>
    </ClInclude>
    <ClInclude Include="include\cOmDoor.h">
      <Filter>Header Files</Filter>
    </ClInclude>
    <ClInclude Include="include\cOmDoor2.h">
      <Filter>Header Files</Filter>
    </ClInclude>
    <ClInclude Include="include\cOme9.h">
      <Filter>Header Files</Filter>
    </ClInclude>
    <ClInclude Include="include\cOmItem.h">
      <Filter>Header Files</Filter>
    </ClInclude>
    <ClInclude Include="include\cOmSetParam.h">
      <Filter>Header Files</Filter>
    </ClInclude>
    <ClInclude Include="include\cOmSub.h">
      <Filter>Header Files</Filter>
    </ClInclude>
    <ClInclude Include="include\cOmThrow.h">
      <Filter>Header Files</Filter>
    </ClInclude>
    <ClInclude Include="include\cOmTrump.h">
      <Filter>Header Files</Filter>
    </ClInclude>
    <ClInclude Include="include\cOmWeapon.h">
      <Filter>Header Files</Filter>
    </ClInclude>
    <ClInclude Include="include\cPadVib.h">
      <Filter>Header Files</Filter>
    </ClInclude>
    <ClInclude Include="include\cParts.h">
      <Filter>Header Files</Filter>
    </ClInclude>
    <ClInclude Include="include\cPartsCamera.h">
      <Filter>Header Files</Filter>
    </ClInclude>
    <ClInclude Include="include\cPlBase.h">
      <Filter>Header Files</Filter>
    </ClInclude>
    <ClInclude Include="include\cPlCamera.h">
      <Filter>Header Files</Filter>
    </ClInclude>
    <ClInclude Include="include\cRelSys.h">
      <Filter>Header Files</Filter>
    </ClInclude>
    <ClInclude Include="include\cRoomJump.h">
      <Filter>Header Files</Filter>
    </ClInclude>
    <ClInclude Include="include\cRoomSave.h">
      <Filter>Header Files</Filter>
    </ClInclude>
    <ClInclude Include="include\cSaveLoad.h">
      <Filter>Header Files</Filter>
    </ClInclude>
    <ClInclude Include="include\cSaveManager.h">
      <Filter>Header Files</Filter>
    </ClInclude>
    <ClInclude Include="include\cSceAtManager.h">
      <Filter>Header Files</Filter>
    </ClInclude>
    <ClInclude Include="include\cSceAtUnit.h">
      <Filter>Header Files</Filter>
    </ClInclude>
    <ClInclude Include="include\cScenario.h">
      <Filter>Header Files</Filter>
    </ClInclude>
    <ClInclude Include="include\cScrArray.h">
      <Filter>Header Files</Filter>
    </ClInclude>
    <ClInclude Include="include\cScrSpriteDraw.h">
      <Filter>Header Files</Filter>
    </ClInclude>
    <ClInclude Include="include\cSeData.h">
      <Filter>Header Files</Filter>
    </ClInclude>
    <ClInclude Include="include\cSescr.h">
      <Filter>Header Files</Filter>
    </ClInclude>
    <ClInclude Include="include\cSnd.h">
      <Filter>Header Files</Filter>
    </ClInclude>
    <ClInclude Include="include\cSpline.h">
      <Filter>Header Files</Filter>
    </ClInclude>
    <ClInclude Include="include\cSubScr.h">
      <Filter>Header Files</Filter>
    </ClInclude>
    <ClInclude Include="include\cTaskManager.h">
      <Filter>Header Files</Filter>
    </ClInclude>
    <ClInclude Include="include\cTaskWork.h">
      <Filter>Header Files</Filter>
    </ClInclude>
    <ClInclude Include="include\CustomIDWork.h">
      <Filter>Header Files</Filter>
    </ClInclude>
    <ClInclude Include="include\cWorldLight.h">
      <Filter>Header Files</Filter>
    </ClInclude>
    <ClInclude Include="include\cWorldTime.h">
      <Filter>Header Files</Filter>
    </ClInclude>
    <ClInclude Include="include\ESLib.h">
      <Filter>Header Files</Filter>
    </ClInclude>
    <ClInclude Include="include\espSys.h">
      <Filter>Header Files</Filter>
    </ClInclude>
    <ClInclude Include="include\HideModelMgr.h">
      <Filter>Header Files</Filter>
    </ClInclude>
    <ClInclude Include="include\IK.h">
      <Filter>Header Files</Filter>
    </ClInclude>
    <ClInclude Include="include\objScroll.h">
      <Filter>Header Files</Filter>
    </ClInclude>
    <ClInclude Include="include\ostream.h">
      <Filter>Header Files</Filter>
    </ClInclude>
    <ClInclude Include="include\PathFinding.h">
      <Filter>Header Files</Filter>
    </ClInclude>
    <ClInclude Include="include\pl00.h">
      <Filter>Header Files</Filter>
    </ClInclude>
    <ClInclude Include="include\pl01.h">
      <Filter>Header Files</Filter>
    </ClInclude>
    <ClInclude Include="include\PokerId.h">
      <Filter>Header Files</Filter>
    </ClInclude>
    <ClInclude Include="include\Quaternion.h">
      <Filter>Header Files</Filter>
    </ClInclude>
  </ItemGroup>
</Project>